
Microsoft Visual Studio Solution File, Format Version 12.00
# Visual Studio 2012
Project("{FAE04EC0-301F-11D3-BF4B-00C04F79EFBC}") = "ccgcscx", "ccgcscx\ccgcscx.csproj", "{4E95EC51-B861-4C55-9E4A-4254BAD706DF}"
EndProject
Global
	GlobalSection(SolutionConfigurationPlatforms) = preSolution
		Debug|Any CPU = Debug|Any CPU
		Release|Any CPU = Release|Any CPU
	EndGlobalSection
	GlobalSection(ProjectConfigurationPlatforms) = postSolution
		{4E95EC51-B861-4C55-9E4A-4254BAD706DF}.Debug|Any CPU.ActiveCfg = Debug|Any CPU
		{4E95EC51-B861-4C55-9E4A-4254BAD706DF}.Debug|Any CPU.Build.0 = Debug|Any CPU
		{4E95EC51-B861-4C55-9E4A-4254BAD706DF}.Release|Any CPU.ActiveCfg = Release|Any CPU
		{4E95EC51-B861-4C55-9E4A-4254BAD706DF}.Release|Any CPU.Build.0 = Release|Any CPU
	EndGlobalSection
	GlobalSection(SolutionProperties) = preSolution
		HideSolutionNode = FALSE
	EndGlobalSection
	GlobalSection(Performance) = preSolution
		HasPerformanceSessions = true
	EndGlobalSection
EndGlobal
